
Microsoft Visual Studio Solution File, Format Version 12.00
# Visual Studio Version 16
VisualStudioVersion = 16.0.31729.503
MinimumVisualStudioVersion = 10.0.40219.1
Project("{FAE04EC0-301F-11D3-BF4B-00C04F79EFBC}") = "FilmProject.bll", "FilmProject.bll\FilmProject.bll.csproj", "{F2325C57-390C-41E8-808A-9EDB4EB038A6}"
EndProject
Project("{FAE04EC0-301F-11D3-BF4B-00C04F79EFBC}") = "MoviesProject.dal", "MoviesProject.dal\MoviesProject.dal.csproj", "{78E2C50F-2135-4AA8-9816-1E01D701BA7C}"
EndProject
Project("{FAE04EC0-301F-11D3-BF4B-00C04F79EFBC}") = "MoviesProject.WinUI", "MoviesProject.WinUI\MoviesProject.WinUI.csproj", "{13D959A8-65A1-43CD-BED4-F99C6A0D8896}"
EndProject
Global
	GlobalSection(SolutionConfigurationPlatforms) = preSolution
		Debug|Any CPU = Debug|Any CPU
		Release|Any CPU = Release|Any CPU
	EndGlobalSection
	GlobalSection(ProjectConfigurationPlatforms) = postSolution
		{F2325C57-390C-41E8-808A-9EDB4EB038A6}.Debug|Any CPU.ActiveCfg = Debug|Any CPU
		{F2325C57-390C-41E8-808A-9EDB4EB038A6}.Debug|Any CPU.Build.0 = Debug|Any CPU
		{F2325C57-390C-41E8-808A-9EDB4EB038A6}.Release|Any CPU.ActiveCfg = Release|Any CPU
		{F2325C57-390C-41E8-808A-9EDB4EB038A6}.Release|Any CPU.Build.0 = Release|Any CPU
		{78E2C50F-2135-4AA8-9816-1E01D701BA7C}.Debug|Any CPU.ActiveCfg = Debug|Any CPU
		{78E2C50F-2135-4AA8-9816-1E01D701BA7C}.Debug|Any CPU.Build.0 = Debug|Any CPU
		{78E2C50F-2135-4AA8-9816-1E01D701BA7C}.Release|Any CPU.ActiveCfg = Release|Any CPU
		{78E2C50F-2135-4AA8-9816-1E01D701BA7C}.Release|Any CPU.Build.0 = Release|Any CPU
		{13D959A8-65A1-43CD-BED4-F99C6A0D8896}.Debug|Any CPU.ActiveCfg = Debug|Any CPU
		{13D959A8-65A1-43CD-BED4-F99C6A0D8896}.Debug|Any CPU.Build.0 = Debug|Any CPU
		{13D959A8-65A1-43CD-BED4-F99C6A0D8896}.Release|Any CPU.ActiveCfg = Release|Any CPU
		{13D959A8-65A1-43CD-BED4-F99C6A0D8896}.Release|Any CPU.Build.0 = Release|Any CPU
	EndGlobalSection
	GlobalSection(SolutionProperties) = preSolution
		HideSolutionNode = FALSE
	EndGlobalSection
	GlobalSection(ExtensibilityGlobals) = postSolution
		SolutionGuid = {320987E3-DBC3-4797-97C9-76E03698B406}
	EndGlobalSection
EndGlobal
